
Microsoft Visual Studio Solution File, Format Version 12.00
# Visual Studio 15
VisualStudioVersion = 15.0.36530.23
MinimumVisualStudioVersion = 10.0.40219.1
Project("{F184B08F-C81C-45F6-A57F-5ABD9991F28F}") = "CSC301 (TRAVEL AGENCY SYSTEM)", "CSC301 (TRAVEL AGENCY SYSTEM)\CSC301 (TRAVEL AGENCY SYSTEM).vbproj", "{E987F645-ACC6-49B4-A493-57D16D998FE9}"
EndProject
Global
	GlobalSection(SolutionConfigurationPlatforms) = preSolution
		Debug|Any CPU = Debug|Any CPU
		Release|Any CPU = Release|Any CPU
	EndGlobalSection
	GlobalSection(ProjectConfigurationPlatforms) = postSolution
		{E987F645-ACC6-49B4-A493-57D16D998FE9}.Debug|Any CPU.ActiveCfg = Debug|Any CPU
		{E987F645-ACC6-49B4-A493-57D16D998FE9}.Debug|Any CPU.Build.0 = Debug|Any CPU
		{E987F645-ACC6-49B4-A493-57D16D998FE9}.Release|Any CPU.ActiveCfg = Release|Any CPU
		{E987F645-ACC6-49B4-A493-57D16D998FE9}.Release|Any CPU.Build.0 = Release|Any CPU
	EndGlobalSection
	GlobalSection(SolutionProperties) = preSolution
		HideSolutionNode = FALSE
	EndGlobalSection
	GlobalSection(ExtensibilityGlobals) = postSolution
		SolutionGuid = {550F036D-630B-4582-A40E-4F97F754F399}
	EndGlobalSection
EndGlobal
